
Microsoft Visual Studio Solution File, Format Version 12.00
# Visual Studio Version 16
VisualStudioVersion = 16.0.31515.178
MinimumVisualStudioVersion = 10.0.40219.1
Project("{2150E333-8FDC-42A3-9474-1A3956D46DE8}") = "Services", "Services", "{83F89168-6349-4BC8-AB3A-759448EBB856}"
EndProject
Project("{2150E333-8FDC-42A3-9474-1A3956D46DE8}") = "Catalog", "Catalog", "{FCFB3AEA-41CD-46D5-861F-B1D4F1902E1F}"
EndProject
Project("{9A19103F-16F7-4668-BE54-9A1E7A4F7556}") = "Catalog.API", "Services\Catalog\Catalog.API\Catalog.API.csproj", "{6E4E1A9D-E4C0-4616-ACED-6FDD091A7BC6}"
EndProject
Project("{E53339B2-1760-4266-BCC7-CA923CBCF16C}") = "docker-compose", "docker-compose.dcproj", "{A12474F8-C688-48C5-A2BF-81CFB35C9859}"
EndProject
Project("{2150E333-8FDC-42A3-9474-1A3956D46DE8}") = "Basket", "Basket", "{F7CBFD68-8387-4848-9F90-CA289E080CE8}"
EndProject
Project("{9A19103F-16F7-4668-BE54-9A1E7A4F7556}") = "Basket.API", "Services\Basket\Basket.API\Basket.API.csproj", "{DEDD6F6F-75B9-41B3-95F5-9A2511A8F8B1}"
EndProject
Project("{2150E333-8FDC-42A3-9474-1A3956D46DE8}") = "Discount", "Discount", "{02EE73BE-271E-40FE-9215-B65279835DAB}"
EndProject
Project("{9A19103F-16F7-4668-BE54-9A1E7A4F7556}") = "Discount.API", "Services\Discount\Discount.API\Discount.API.csproj", "{D44B46FF-44F5-46F0-8574-A7FC9F0D375F}"
EndProject
Project("{FAE04EC0-301F-11D3-BF4B-00C04F79EFBC}") = "Discount.Grpc", "Services\Discount\Discount.Grpc\Discount.Grpc.csproj", "{C90799B3-54E7-45E7-9D91-3911E3019A5F}"
EndProject
Global
	GlobalSection(SolutionConfigurationPlatforms) = preSolution
		Debug|Any CPU = Debug|Any CPU
		Release|Any CPU = Release|Any CPU
	EndGlobalSection
	GlobalSection(ProjectConfigurationPlatforms) = postSolution
		{6E4E1A9D-E4C0-4616-ACED-6FDD091A7BC6}.Debug|Any CPU.ActiveCfg = Debug|Any CPU
		{6E4E1A9D-E4C0-4616-ACED-6FDD091A7BC6}.Debug|Any CPU.Build.0 = Debug|Any CPU
		{6E4E1A9D-E4C0-4616-ACED-6FDD091A7BC6}.Release|Any CPU.ActiveCfg = Release|Any CPU
		{6E4E1A9D-E4C0-4616-ACED-6FDD091A7BC6}.Release|Any CPU.Build.0 = Release|Any CPU
		{A12474F8-C688-48C5-A2BF-81CFB35C9859}.Debug|Any CPU.ActiveCfg = Debug|Any CPU
		{A12474F8-C688-48C5-A2BF-81CFB35C9859}.Debug|Any CPU.Build.0 = Debug|Any CPU
		{A12474F8-C688-48C5-A2BF-81CFB35C9859}.Release|Any CPU.ActiveCfg = Release|Any CPU
		{A12474F8-C688-48C5-A2BF-81CFB35C9859}.Release|Any CPU.Build.0 = Release|Any CPU
		{DEDD6F6F-75B9-41B3-95F5-9A2511A8F8B1}.Debug|Any CPU.ActiveCfg = Debug|Any CPU
		{DEDD6F6F-75B9-41B3-95F5-9A2511A8F8B1}.Debug|Any CPU.Build.0 = Debug|Any CPU
		{DEDD6F6F-75B9-41B3-95F5-9A2511A8F8B1}.Release|Any CPU.ActiveCfg = Release|Any CPU
		{DEDD6F6F-75B9-41B3-95F5-9A2511A8F8B1}.Release|Any CPU.Build.0 = Release|Any CPU
		{D44B46FF-44F5-46F0-8574-A7FC9F0D375F}.Debug|Any CPU.ActiveCfg = Debug|Any CPU
		{D44B46FF-44F5-46F0-8574-A7FC9F0D375F}.Debug|Any CPU.Build.0 = Debug|Any CPU
		{D44B46FF-44F5-46F0-8574-A7FC9F0D375F}.Release|Any CPU.ActiveCfg = Release|Any CPU
		{D44B46FF-44F5-46F0-8574-A7FC9F0D375F}.Release|Any CPU.Build.0 = Release|Any CPU
		{C90799B3-54E7-45E7-9D91-3911E3019A5F}.Debug|Any CPU.ActiveCfg = Debug|Any CPU
		{C90799B3-54E7-45E7-9D91-3911E3019A5F}.Debug|Any CPU.Build.0 = Debug|Any CPU
		{C90799B3-54E7-45E7-9D91-3911E3019A5F}.Release|Any CPU.ActiveCfg = Release|Any CPU
		{C90799B3-54E7-45E7-9D91-3911E3019A5F}.Release|Any CPU.Build.0 = Release|Any CPU
	EndGlobalSection
	GlobalSection(SolutionProperties) = preSolution
		HideSolutionNode = FALSE
	EndGlobalSection
	GlobalSection(NestedProjects) = preSolution
		{FCFB3AEA-41CD-46D5-861F-B1D4F1902E1F} = {83F89168-6349-4BC8-AB3A-759448EBB856}
		{6E4E1A9D-E4C0-4616-ACED-6FDD091A7BC6} = {FCFB3AEA-41CD-46D5-861F-B1D4F1902E1F}
		{F7CBFD68-8387-4848-9F90-CA289E080CE8} = {83F89168-6349-4BC8-AB3A-759448EBB856}
		{DEDD6F6F-75B9-41B3-95F5-9A2511A8F8B1} = {F7CBFD68-8387-4848-9F90-CA289E080CE8}
		{02EE73BE-271E-40FE-9215-B65279835DAB} = {83F89168-6349-4BC8-AB3A-759448EBB856}
		{D44B46FF-44F5-46F0-8574-A7FC9F0D375F} = {02EE73BE-271E-40FE-9215-B65279835DAB}
		{C90799B3-54E7-45E7-9D91-3911E3019A5F} = {02EE73BE-271E-40FE-9215-B65279835DAB}
	EndGlobalSection
	GlobalSection(ExtensibilityGlobals) = postSolution
		SolutionGuid = {55EF3B20-1C69-4AE8-9D5B-34DD0D3C6001}
	EndGlobalSection
EndGlobal
