
Microsoft Visual Studio Solution File, Format Version 12.00
# Visual Studio Version 16
VisualStudioVersion = 16.0.31515.178
MinimumVisualStudioVersion = 10.0.40219.1
Project("{2150E333-8FDC-42A3-9474-1A3956D46DE8}") = "Services", "Services", "{83F89168-6349-4BC8-AB3A-759448EBB856}"
EndProject
Project("{2150E333-8FDC-42A3-9474-1A3956D46DE8}") = "Catalog", "Catalog", "{FCFB3AEA-41CD-46D5-861F-B1D4F1902E1F}"
EndProject
Project("{9A19103F-16F7-4668-BE54-9A1E7A4F7556}") = "Catalog.API", "Services\Catalog\Catalog.API\Catalog.API.csproj", "{6E4E1A9D-E4C0-4616-ACED-6FDD091A7BC6}"
EndProject
Project("{E53339B2-1760-4266-BCC7-CA923CBCF16C}") = "docker-compose", "docker-compose.dcproj", "{A12474F8-C688-48C5-A2BF-81CFB35C9859}"
EndProject
Project("{2150E333-8FDC-42A3-9474-1A3956D46DE8}") = "Basket", "Basket", "{F7CBFD68-8387-4848-9F90-CA289E080CE8}"
EndProject
Project("{9A19103F-16F7-4668-BE54-9A1E7A4F7556}") = "Basket.API", "Services\Basket\Basket.API\Basket.API.csproj", "{DEDD6F6F-75B9-41B3-95F5-9A2511A8F8B1}"
EndProject
Project("{2150E333-8FDC-42A3-9474-1A3956D46DE8}") = "Discount", "Discount", "{02EE73BE-271E-40FE-9215-B65279835DAB}"
EndProject
Project("{9A19103F-16F7-4668-BE54-9A1E7A4F7556}") = "Discount.API", "Services\Discount\Discount.API\Discount.API.csproj", "{D44B46FF-44F5-46F0-8574-A7FC9F0D375F}"
EndProject
Project("{9A19103F-16F7-4668-BE54-9A1E7A4F7556}") = "Discount.Grpc", "Services\Discount\Discount.Grpc\Discount.Grpc.csproj", "{C90799B3-54E7-45E7-9D91-3911E3019A5F}"
EndProject
Project("{2150E333-8FDC-42A3-9474-1A3956D46DE8}") = "Ordering", "Ordering", "{0846BA7A-9D59-4AF1-B95E-0F8403A5721D}"
EndProject
Project("{9A19103F-16F7-4668-BE54-9A1E7A4F7556}") = "Ordering.API", "Services\Ordering\Ordering.API\Ordering.API.csproj", "{542E6E73-8EAF-42D7-9C59-30486B29CAE3}"
EndProject
Project("{9A19103F-16F7-4668-BE54-9A1E7A4F7556}") = "Ordering.Domain", "Services\Ordering\Ordering.Domain\Ordering.Domain.csproj", "{5A2C741A-0A1E-4419-943D-75ABEBF5A500}"
EndProject
Project("{9A19103F-16F7-4668-BE54-9A1E7A4F7556}") = "Ordering.Application", "Services\Ordering\Ordering.Application\Ordering.Application.csproj", "{BA545CF0-7B86-4E17-A2BE-DF28077D8F31}"
EndProject
Project("{9A19103F-16F7-4668-BE54-9A1E7A4F7556}") = "Ordering.Infrastructure", "Services\Ordering\Ordering.Infrastructure\Ordering.Infrastructure.csproj", "{8A65F6EB-D0BC-485A-88C4-9CE93E1915B8}"
EndProject
Project("{2150E333-8FDC-42A3-9474-1A3956D46DE8}") = "BuildingBlocks", "BuildingBlocks", "{779B2A4F-39DB-4D1A-8E0F-5EF10A8DBA54}"
EndProject
Project("{9A19103F-16F7-4668-BE54-9A1E7A4F7556}") = "EventBusMessages", "BuildingBlocks\EventBusMessages\EventBusMessages.csproj", "{45E888F3-92D7-45A7-9E6D-3E633D0ACCE3}"
EndProject
Project("{2150E333-8FDC-42A3-9474-1A3956D46DE8}") = "ApiGateways", "ApiGateways", "{410090B3-23AC-42F7-ABF2-B3C507A4F94F}"
EndProject
Project("{9A19103F-16F7-4668-BE54-9A1E7A4F7556}") = "OcelotApiGw", "ApiGateways\OcelotApiGw\OcelotApiGw.csproj", "{270BD741-EEEC-4968-847A-8C07B0869C6C}"
EndProject
Project("{FAE04EC0-301F-11D3-BF4B-00C04F79EFBC}") = "Shopping.Agregator", "ApiGateways\Shopping.Agregator\Shopping.Agregator.csproj", "{A2EDDF9D-DA32-4990-9ADA-F33B585C34F9}"
EndProject
Global
	GlobalSection(SolutionConfigurationPlatforms) = preSolution
		Debug|Any CPU = Debug|Any CPU
		Release|Any CPU = Release|Any CPU
	EndGlobalSection
	GlobalSection(ProjectConfigurationPlatforms) = postSolution
		{6E4E1A9D-E4C0-4616-ACED-6FDD091A7BC6}.Debug|Any CPU.ActiveCfg = Debug|Any CPU
		{6E4E1A9D-E4C0-4616-ACED-6FDD091A7BC6}.Debug|Any CPU.Build.0 = Debug|Any CPU
		{6E4E1A9D-E4C0-4616-ACED-6FDD091A7BC6}.Release|Any CPU.ActiveCfg = Release|Any CPU
		{6E4E1A9D-E4C0-4616-ACED-6FDD091A7BC6}.Release|Any CPU.Build.0 = Release|Any CPU
		{A12474F8-C688-48C5-A2BF-81CFB35C9859}.Debug|Any CPU.ActiveCfg = Debug|Any CPU
		{A12474F8-C688-48C5-A2BF-81CFB35C9859}.Debug|Any CPU.Build.0 = Debug|Any CPU
		{A12474F8-C688-48C5-A2BF-81CFB35C9859}.Release|Any CPU.ActiveCfg = Release|Any CPU
		{A12474F8-C688-48C5-A2BF-81CFB35C9859}.Release|Any CPU.Build.0 = Release|Any CPU
		{DEDD6F6F-75B9-41B3-95F5-9A2511A8F8B1}.Debug|Any CPU.ActiveCfg = Debug|Any CPU
		{DEDD6F6F-75B9-41B3-95F5-9A2511A8F8B1}.Debug|Any CPU.Build.0 = Debug|Any CPU
		{DEDD6F6F-75B9-41B3-95F5-9A2511A8F8B1}.Release|Any CPU.ActiveCfg = Release|Any CPU
		{DEDD6F6F-75B9-41B3-95F5-9A2511A8F8B1}.Release|Any CPU.Build.0 = Release|Any CPU
		{D44B46FF-44F5-46F0-8574-A7FC9F0D375F}.Debug|Any CPU.ActiveCfg = Debug|Any CPU
		{D44B46FF-44F5-46F0-8574-A7FC9F0D375F}.Debug|Any CPU.Build.0 = Debug|Any CPU
		{D44B46FF-44F5-46F0-8574-A7FC9F0D375F}.Release|Any CPU.ActiveCfg = Release|Any CPU
		{D44B46FF-44F5-46F0-8574-A7FC9F0D375F}.Release|Any CPU.Build.0 = Release|Any CPU
		{C90799B3-54E7-45E7-9D91-3911E3019A5F}.Debug|Any CPU.ActiveCfg = Debug|Any CPU
		{C90799B3-54E7-45E7-9D91-3911E3019A5F}.Debug|Any CPU.Build.0 = Debug|Any CPU
		{C90799B3-54E7-45E7-9D91-3911E3019A5F}.Release|Any CPU.ActiveCfg = Release|Any CPU
		{C90799B3-54E7-45E7-9D91-3911E3019A5F}.Release|Any CPU.Build.0 = Release|Any CPU
		{542E6E73-8EAF-42D7-9C59-30486B29CAE3}.Debug|Any CPU.ActiveCfg = Debug|Any CPU
		{542E6E73-8EAF-42D7-9C59-30486B29CAE3}.Debug|Any CPU.Build.0 = Debug|Any CPU
		{542E6E73-8EAF-42D7-9C59-30486B29CAE3}.Release|Any CPU.ActiveCfg = Release|Any CPU
		{542E6E73-8EAF-42D7-9C59-30486B29CAE3}.Release|Any CPU.Build.0 = Release|Any CPU
		{5A2C741A-0A1E-4419-943D-75ABEBF5A500}.Debug|Any CPU.ActiveCfg = Debug|Any CPU
		{5A2C741A-0A1E-4419-943D-75ABEBF5A500}.Debug|Any CPU.Build.0 = Debug|Any CPU
		{5A2C741A-0A1E-4419-943D-75ABEBF5A500}.Release|Any CPU.ActiveCfg = Release|Any CPU
		{5A2C741A-0A1E-4419-943D-75ABEBF5A500}.Release|Any CPU.Build.0 = Release|Any CPU
		{BA545CF0-7B86-4E17-A2BE-DF28077D8F31}.Debug|Any CPU.ActiveCfg = Debug|Any CPU
		{BA545CF0-7B86-4E17-A2BE-DF28077D8F31}.Debug|Any CPU.Build.0 = Debug|Any CPU
		{BA545CF0-7B86-4E17-A2BE-DF28077D8F31}.Release|Any CPU.ActiveCfg = Release|Any CPU
		{BA545CF0-7B86-4E17-A2BE-DF28077D8F31}.Release|Any CPU.Build.0 = Release|Any CPU
		{8A65F6EB-D0BC-485A-88C4-9CE93E1915B8}.Debug|Any CPU.ActiveCfg = Debug|Any CPU
		{8A65F6EB-D0BC-485A-88C4-9CE93E1915B8}.Debug|Any CPU.Build.0 = Debug|Any CPU
		{8A65F6EB-D0BC-485A-88C4-9CE93E1915B8}.Release|Any CPU.ActiveCfg = Release|Any CPU
		{8A65F6EB-D0BC-485A-88C4-9CE93E1915B8}.Release|Any CPU.Build.0 = Release|Any CPU
		{45E888F3-92D7-45A7-9E6D-3E633D0ACCE3}.Debug|Any CPU.ActiveCfg = Debug|Any CPU
		{45E888F3-92D7-45A7-9E6D-3E633D0ACCE3}.Debug|Any CPU.Build.0 = Debug|Any CPU
		{45E888F3-92D7-45A7-9E6D-3E633D0ACCE3}.Release|Any CPU.ActiveCfg = Release|Any CPU
		{45E888F3-92D7-45A7-9E6D-3E633D0ACCE3}.Release|Any CPU.Build.0 = Release|Any CPU
		{270BD741-EEEC-4968-847A-8C07B0869C6C}.Debug|Any CPU.ActiveCfg = Debug|Any CPU
		{270BD741-EEEC-4968-847A-8C07B0869C6C}.Debug|Any CPU.Build.0 = Debug|Any CPU
		{270BD741-EEEC-4968-847A-8C07B0869C6C}.Release|Any CPU.ActiveCfg = Release|Any CPU
		{270BD741-EEEC-4968-847A-8C07B0869C6C}.Release|Any CPU.Build.0 = Release|Any CPU
		{A2EDDF9D-DA32-4990-9ADA-F33B585C34F9}.Debug|Any CPU.ActiveCfg = Debug|Any CPU
		{A2EDDF9D-DA32-4990-9ADA-F33B585C34F9}.Debug|Any CPU.Build.0 = Debug|Any CPU
		{A2EDDF9D-DA32-4990-9ADA-F33B585C34F9}.Release|Any CPU.ActiveCfg = Release|Any CPU
		{A2EDDF9D-DA32-4990-9ADA-F33B585C34F9}.Release|Any CPU.Build.0 = Release|Any CPU
	EndGlobalSection
	GlobalSection(SolutionProperties) = preSolution
		HideSolutionNode = FALSE
	EndGlobalSection
	GlobalSection(NestedProjects) = preSolution
		{FCFB3AEA-41CD-46D5-861F-B1D4F1902E1F} = {83F89168-6349-4BC8-AB3A-759448EBB856}
		{6E4E1A9D-E4C0-4616-ACED-6FDD091A7BC6} = {FCFB3AEA-41CD-46D5-861F-B1D4F1902E1F}
		{F7CBFD68-8387-4848-9F90-CA289E080CE8} = {83F89168-6349-4BC8-AB3A-759448EBB856}
		{DEDD6F6F-75B9-41B3-95F5-9A2511A8F8B1} = {F7CBFD68-8387-4848-9F90-CA289E080CE8}
		{02EE73BE-271E-40FE-9215-B65279835DAB} = {83F89168-6349-4BC8-AB3A-759448EBB856}
		{D44B46FF-44F5-46F0-8574-A7FC9F0D375F} = {02EE73BE-271E-40FE-9215-B65279835DAB}
		{C90799B3-54E7-45E7-9D91-3911E3019A5F} = {02EE73BE-271E-40FE-9215-B65279835DAB}
		{0846BA7A-9D59-4AF1-B95E-0F8403A5721D} = {83F89168-6349-4BC8-AB3A-759448EBB856}
		{542E6E73-8EAF-42D7-9C59-30486B29CAE3} = {0846BA7A-9D59-4AF1-B95E-0F8403A5721D}
		{5A2C741A-0A1E-4419-943D-75ABEBF5A500} = {0846BA7A-9D59-4AF1-B95E-0F8403A5721D}
		{BA545CF0-7B86-4E17-A2BE-DF28077D8F31} = {0846BA7A-9D59-4AF1-B95E-0F8403A5721D}
		{8A65F6EB-D0BC-485A-88C4-9CE93E1915B8} = {0846BA7A-9D59-4AF1-B95E-0F8403A5721D}
		{45E888F3-92D7-45A7-9E6D-3E633D0ACCE3} = {779B2A4F-39DB-4D1A-8E0F-5EF10A8DBA54}
		{270BD741-EEEC-4968-847A-8C07B0869C6C} = {410090B3-23AC-42F7-ABF2-B3C507A4F94F}
		{A2EDDF9D-DA32-4990-9ADA-F33B585C34F9} = {410090B3-23AC-42F7-ABF2-B3C507A4F94F}
	EndGlobalSection
	GlobalSection(ExtensibilityGlobals) = postSolution
		SolutionGuid = {55EF3B20-1C69-4AE8-9D5B-34DD0D3C6001}
	EndGlobalSection
EndGlobal
